
Microsoft Visual Studio Solution File, Format Version 12.00
# Visual Studio 15
VisualStudioVersion = 15.0.27004.2005
MinimumVisualStudioVersion = 10.0.40219.1
Project("{FAE04EC0-301F-11D3-BF4B-00C04F79EFBC}") = "BI.Enterprise.Common.ConfigHelper", "BI.Enterprise.Common.ConfigHelper\BI.Enterprise.Common.ConfigHelper.csproj", "{D0390A30-B85B-4ED0-BF26-9B1F716ABD03}"
EndProject
Global
	GlobalSection(SolutionConfigurationPlatforms) = preSolution
		Debug|Any CPU = Debug|Any CPU
		Release|Any CPU = Release|Any CPU
	EndGlobalSection
	GlobalSection(ProjectConfigurationPlatforms) = postSolution
		{D0390A30-B85B-4ED0-BF26-9B1F716ABD03}.Debug|Any CPU.ActiveCfg = Debug|Any CPU
		{D0390A30-B85B-4ED0-BF26-9B1F716ABD03}.Debug|Any CPU.Build.0 = Debug|Any CPU
		{D0390A30-B85B-4ED0-BF26-9B1F716ABD03}.Release|Any CPU.ActiveCfg = Release|Any CPU
		{D0390A30-B85B-4ED0-BF26-9B1F716ABD03}.Release|Any CPU.Build.0 = Release|Any CPU
	EndGlobalSection
	GlobalSection(SolutionProperties) = preSolution
		HideSolutionNode = FALSE
	EndGlobalSection
	GlobalSection(ExtensibilityGlobals) = postSolution
		SolutionGuid = {F620D969-0ACC-4DC1-A34D-BC7B22063244}
	EndGlobalSection
	GlobalSection(TeamFoundationVersionControl) = preSolution
		SccNumberOfProjects = 2
		SccEnterpriseProvider = {4CA58AB2-18FA-4F8D-95D4-32DDF27D184C}
		SccTeamFoundationServer = http://boucotfs:8080/tfs/software
		SccLocalPath0 = .
		SccProjectUniqueName1 = BI.Enterprise.Common.ConfigHelper\\BI.Enterprise.Common.ConfigHelper.csproj
		SccProjectName1 = BI.Enterprise.Common.ConfigHelper
		SccLocalPath1 = BI.Enterprise.Common.ConfigHelper
	EndGlobalSection
EndGlobal
