
Microsoft Visual Studio Solution File, Format Version 12.00
# Visual Studio 15
VisualStudioVersion = 15.0.27004.2005
MinimumVisualStudioVersion = 10.0.40219.1
Project("{FAE04EC0-301F-11D3-BF4B-00C04F79EFBC}") = "BI.Enterprise.Common.Translation", "BI.Enterprise.Common.Translation\BI.Enterprise.Common.Translation.csproj", "{9D06AC2D-0F59-4DDD-BB88-8694DB1ADB7F}"
EndProject
Global
	GlobalSection(SolutionConfigurationPlatforms) = preSolution
		Debug|Any CPU = Debug|Any CPU
		Release|Any CPU = Release|Any CPU
	EndGlobalSection
	GlobalSection(ProjectConfigurationPlatforms) = postSolution
		{9D06AC2D-0F59-4DDD-BB88-8694DB1ADB7F}.Debug|Any CPU.ActiveCfg = Debug|Any CPU
		{9D06AC2D-0F59-4DDD-BB88-8694DB1ADB7F}.Debug|Any CPU.Build.0 = Debug|Any CPU
		{9D06AC2D-0F59-4DDD-BB88-8694DB1ADB7F}.Release|Any CPU.ActiveCfg = Release|Any CPU
		{9D06AC2D-0F59-4DDD-BB88-8694DB1ADB7F}.Release|Any CPU.Build.0 = Release|Any CPU
	EndGlobalSection
	GlobalSection(SolutionProperties) = preSolution
		HideSolutionNode = FALSE
	EndGlobalSection
	GlobalSection(ExtensibilityGlobals) = postSolution
		SolutionGuid = {FF2D5D15-BDFB-4B6E-BB4B-21305F8971EC}
	EndGlobalSection
	GlobalSection(TeamFoundationVersionControl) = preSolution
		SccNumberOfProjects = 2
		SccEnterpriseProvider = {4CA58AB2-18FA-4F8D-95D4-32DDF27D184C}
		SccTeamFoundationServer = http://boucotfs:8080/tfs/software
		SccLocalPath0 = .
		SccProjectUniqueName1 = BI.Enterprise.Common.Translation\\BI.Enterprise.Common.Translation.csproj
		SccProjectName1 = BI.Enterprise.Common.Translation
		SccLocalPath1 = BI.Enterprise.Common.Translation
	EndGlobalSection
EndGlobal
