Microsoft Visual Studio Solution File, Format Version 12.00
# Visual Studio 15
VisualStudioVersion = 15.0.27130.2010
MinimumVisualStudioVersion = 10.0.40219.1
Project("{2150E333-8FDC-42A3-9474-1A3956D46DE8}") = "1) Rest Services", "1) Rest Services", "{D5471955-C33B-4484-8D13-DA88A44EFB68}"
EndProject
Project("{2150E333-8FDC-42A3-9474-1A3956D46DE8}") = "3) Manager", "3) Manager", "{7F289217-1F0A-4CA2-BD9B-EFFB70D94708}"
EndProject
Project("{2150E333-8FDC-42A3-9474-1A3956D46DE8}") = "4) Core", "4) Core", "{3912D963-D36D-4EDC-8DA8-BB29A89C7281}"
EndProject
Project("{2150E333-8FDC-42A3-9474-1A3956D46DE8}") = "5) RepositoryManager", "5) RepositoryManager", "{722547EF-A9AB-44B1-92F9-78CBF7B1F92E}"
EndProject
Project("{2150E333-8FDC-42A3-9474-1A3956D46DE8}") = "2) QueueConsumer", "2) QueueConsumer", "{81129ECE-D7DE-494C-A4F7-583C47FB07AE}"
EndProject
Project("{2150E333-8FDC-42A3-9474-1A3956D46DE8}") = "7) Enterprise", "7) Enterprise", "{B627F38F-7E65-4AA2-9894-7CFF655DBBB0}"
EndProject
Project("{2150E333-8FDC-42A3-9474-1A3956D46DE8}") = "8) Unit Test", "8) Unit Test", "{D295A0F2-5CF1-4CC5-B3C0-C855B91BCA67}"
EndProject
Project("{2150E333-8FDC-42A3-9474-1A3956D46DE8}") = "6) Repository", "6) Repository", "{B8579762-B6FA-4948-BAFC-AEF7661B7B3C}"
EndProject
Project("{FAE04EC0-301F-11D3-BF4B-00C04F79EFBC}") = "BI.WebApi.Template", "BI.WebApi.Template\BI.WebApi.Template.csproj", "{E089021B-0E6F-449D-905E-A1AF2CAA85A9}"
EndProject
Project("{FAE04EC0-301F-11D3-BF4B-00C04F79EFBC}") = "BI.ServiceBus.Manager.Template", "BI.ServiceBus.Manager.Template\BI.ServiceBus.Manager.Template.csproj", "{2AF7D107-5151-403C-8933-24C8149A2DEF}"
EndProject
Project("{FAE04EC0-301F-11D3-BF4B-00C04F79EFBC}") = "BI.ServiceBus.Core.Template", "BI.ServiceBus.Core.Template\BI.ServiceBus.Core.Template.csproj", "{060FB396-1821-4AE6-BD67-38D05CAED940}"
EndProject
Project("{FAE04EC0-301F-11D3-BF4B-00C04F79EFBC}") = "BI.ServiceBus.Repository.Template", "BI.ServiceBus.Repository.Template\BI.ServiceBus.Repository.Template.csproj", "{880E3D49-E63B-461D-B4A3-0A4CDDE79E06}"
EndProject
Project("{FAE04EC0-301F-11D3-BF4B-00C04F79EFBC}") = "BI.Repository.Template", "BI.Repository.Template\BI.Repository.Template.csproj", "{A4E5A0FB-050D-4F63-9EC3-AC58E47F5B2E}"
EndProject
Project("{2150E333-8FDC-42A3-9474-1A3956D46DE8}") = "1) Dtos", "1) Dtos", "{18D26F39-228C-4705-A592-CE0F09E0C0EA}"
EndProject
Project("{2150E333-8FDC-42A3-9474-1A3956D46DE8}") = "2) ViewModels", "2) ViewModels", "{D72782DF-A395-4058-8C96-6EB2D597C816}"
EndProject
Project("{FAE04EC0-301F-11D3-BF4B-00C04F79EFBC}") = "BI.Enterprise.Dto.Template", "BI.Enterprise.Dto.Template\BI.Enterprise.Dto.Template.csproj", "{AD4465B2-15A5-404B-8F25-182F37ED96D0}"
EndProject
Project("{FAE04EC0-301F-11D3-BF4B-00C04F79EFBC}") = "BI.Enterprise.ViewModels.Template", "BI.Enterprise.ViewModels.Template\BI.Enterprise.ViewModels.Template.csproj", "{1C8C2CC9-0176-47DA-9958-8447A4E2A0F3}"
EndProject
Project("{FAE04EC0-301F-11D3-BF4B-00C04F79EFBC}") = "BI.QueueConsumer.Template", "BI.QueueConsumer.Template\BI.QueueConsumer.Template.csproj", "{6900DFB8-F425-4117-91FC-B82D7373FEC5}"
EndProject
Project("{2150E333-8FDC-42A3-9474-1A3956D46DE8}") = "1) Consumer", "1) Consumer", "{C79DDF72-44A9-45F6-80A9-0A4899A172BE}"
EndProject
Project("{2150E333-8FDC-42A3-9474-1A3956D46DE8}") = "2) Installer", "2) Installer", "{5228248B-CF43-4146-BD83-D0BC440A1648}"
EndProject
Project("{FAE04EC0-301F-11D3-BF4B-00C04F79EFBC}") = "BI.ServiceBus.Core.Template.Test", "BI.ServiceBus.Core.Template.Test\BI.ServiceBus.Core.Template.Test.csproj", "{C1C3C08B-93CC-4EF8-A9D4-2F387CF9FD88}"
EndProject
Project("{930C7802-8A8C-48F9-8165-68863BCCD9DD}") = "BI.QueueConsumer.Template.Wix", "BI.QueueConsumer.Template.Wix\BI.QueueConsumer.Template.Wix.wixproj", "{B5D0588E-FADA-4C6F-929D-16F8B80CC357}"
EndProject
Project("{2150E333-8FDC-42A3-9474-1A3956D46DE8}") = ".nuget", ".nuget", "{51A59D59-BA2D-4012-AFED-C55534A9E709}"
	ProjectSection(SolutionItems) = preProject
		.nuget\LoggingConfigSettings.xsd = .nuget\LoggingConfigSettings.xsd
		.nuget\NuGet.Config = .nuget\NuGet.Config
		.nuget\RabbitMqConfigSettings.xsd = .nuget\RabbitMqConfigSettings.xsd
		.nuget\StsConfigSettings.xsd = .nuget\StsConfigSettings.xsd
	EndProjectSection
EndProject
Global
	GlobalSection(SolutionConfigurationPlatforms) = preSolution
		Debug|Any CPU = Debug|Any CPU
		Debug|x86 = Debug|x86
		Func1Debug|Any CPU = Func1Debug|Any CPU
		Func1Debug|x86 = Func1Debug|x86
		Func1Release|Any CPU = Func1Release|Any CPU
		Func1Release|x86 = Func1Release|x86
		Release|Any CPU = Release|Any CPU
		Release|x86 = Release|x86
	EndGlobalSection
	GlobalSection(ProjectConfigurationPlatforms) = postSolution
		{E089021B-0E6F-449D-905E-A1AF2CAA85A9}.Debug|Any CPU.ActiveCfg = Debug|Any CPU
		{E089021B-0E6F-449D-905E-A1AF2CAA85A9}.Debug|Any CPU.Build.0 = Debug|Any CPU
		{E089021B-0E6F-449D-905E-A1AF2CAA85A9}.Debug|x86.ActiveCfg = Debug|Any CPU
		{E089021B-0E6F-449D-905E-A1AF2CAA85A9}.Debug|x86.Build.0 = Debug|Any CPU
		{E089021B-0E6F-449D-905E-A1AF2CAA85A9}.Func1Debug|Any CPU.ActiveCfg = Func1Debug|Any CPU
		{E089021B-0E6F-449D-905E-A1AF2CAA85A9}.Func1Debug|Any CPU.Build.0 = Func1Debug|Any CPU
		{E089021B-0E6F-449D-905E-A1AF2CAA85A9}.Func1Debug|x86.ActiveCfg = Func1Debug|Any CPU
		{E089021B-0E6F-449D-905E-A1AF2CAA85A9}.Func1Debug|x86.Build.0 = Func1Debug|Any CPU
		{E089021B-0E6F-449D-905E-A1AF2CAA85A9}.Func1Release|Any CPU.ActiveCfg = Func1Release|Any CPU
		{E089021B-0E6F-449D-905E-A1AF2CAA85A9}.Func1Release|Any CPU.Build.0 = Func1Release|Any CPU
		{E089021B-0E6F-449D-905E-A1AF2CAA85A9}.Func1Release|x86.ActiveCfg = Func1Release|Any CPU
		{E089021B-0E6F-449D-905E-A1AF2CAA85A9}.Func1Release|x86.Build.0 = Func1Release|Any CPU
		{E089021B-0E6F-449D-905E-A1AF2CAA85A9}.Release|Any CPU.ActiveCfg = Release|Any CPU
		{E089021B-0E6F-449D-905E-A1AF2CAA85A9}.Release|Any CPU.Build.0 = Release|Any CPU
		{E089021B-0E6F-449D-905E-A1AF2CAA85A9}.Release|x86.ActiveCfg = Release|Any CPU
		{E089021B-0E6F-449D-905E-A1AF2CAA85A9}.Release|x86.Build.0 = Release|Any CPU
		{2AF7D107-5151-403C-8933-24C8149A2DEF}.Debug|Any CPU.ActiveCfg = Debug|Any CPU
		{2AF7D107-5151-403C-8933-24C8149A2DEF}.Debug|Any CPU.Build.0 = Debug|Any CPU
		{2AF7D107-5151-403C-8933-24C8149A2DEF}.Debug|x86.ActiveCfg = Debug|Any CPU
		{2AF7D107-5151-403C-8933-24C8149A2DEF}.Debug|x86.Build.0 = Debug|Any CPU
		{2AF7D107-5151-403C-8933-24C8149A2DEF}.Func1Debug|Any CPU.ActiveCfg = Func1Debug|Any CPU
		{2AF7D107-5151-403C-8933-24C8149A2DEF}.Func1Debug|Any CPU.Build.0 = Func1Debug|Any CPU
		{2AF7D107-5151-403C-8933-24C8149A2DEF}.Func1Debug|x86.ActiveCfg = Func1Debug|Any CPU
		{2AF7D107-5151-403C-8933-24C8149A2DEF}.Func1Debug|x86.Build.0 = Func1Debug|Any CPU
		{2AF7D107-5151-403C-8933-24C8149A2DEF}.Func1Release|Any CPU.ActiveCfg = Func1Release|Any CPU
		{2AF7D107-5151-403C-8933-24C8149A2DEF}.Func1Release|Any CPU.Build.0 = Func1Release|Any CPU
		{2AF7D107-5151-403C-8933-24C8149A2DEF}.Func1Release|x86.ActiveCfg = Func1Release|Any CPU
		{2AF7D107-5151-403C-8933-24C8149A2DEF}.Func1Release|x86.Build.0 = Func1Release|Any CPU
		{2AF7D107-5151-403C-8933-24C8149A2DEF}.Release|Any CPU.ActiveCfg = Release|Any CPU
		{2AF7D107-5151-403C-8933-24C8149A2DEF}.Release|Any CPU.Build.0 = Release|Any CPU
		{2AF7D107-5151-403C-8933-24C8149A2DEF}.Release|x86.ActiveCfg = Release|Any CPU
		{2AF7D107-5151-403C-8933-24C8149A2DEF}.Release|x86.Build.0 = Release|Any CPU
		{060FB396-1821-4AE6-BD67-38D05CAED940}.Debug|Any CPU.ActiveCfg = Debug|Any CPU
		{060FB396-1821-4AE6-BD67-38D05CAED940}.Debug|Any CPU.Build.0 = Debug|Any CPU
		{060FB396-1821-4AE6-BD67-38D05CAED940}.Debug|x86.ActiveCfg = Debug|Any CPU
		{060FB396-1821-4AE6-BD67-38D05CAED940}.Debug|x86.Build.0 = Debug|Any CPU
		{060FB396-1821-4AE6-BD67-38D05CAED940}.Func1Debug|Any CPU.ActiveCfg = Func1Debug|Any CPU
		{060FB396-1821-4AE6-BD67-38D05CAED940}.Func1Debug|Any CPU.Build.0 = Func1Debug|Any CPU
		{060FB396-1821-4AE6-BD67-38D05CAED940}.Func1Debug|x86.ActiveCfg = Func1Debug|Any CPU
		{060FB396-1821-4AE6-BD67-38D05CAED940}.Func1Debug|x86.Build.0 = Func1Debug|Any CPU
		{060FB396-1821-4AE6-BD67-38D05CAED940}.Func1Release|Any CPU.ActiveCfg = Func1Release|Any CPU
		{060FB396-1821-4AE6-BD67-38D05CAED940}.Func1Release|Any CPU.Build.0 = Func1Release|Any CPU
		{060FB396-1821-4AE6-BD67-38D05CAED940}.Func1Release|x86.ActiveCfg = Func1Release|Any CPU
		{060FB396-1821-4AE6-BD67-38D05CAED940}.Func1Release|x86.Build.0 = Func1Release|Any CPU
		{060FB396-1821-4AE6-BD67-38D05CAED940}.Release|Any CPU.ActiveCfg = Release|Any CPU
		{060FB396-1821-4AE6-BD67-38D05CAED940}.Release|Any CPU.Build.0 = Release|Any CPU
		{060FB396-1821-4AE6-BD67-38D05CAED940}.Release|x86.ActiveCfg = Release|Any CPU
		{060FB396-1821-4AE6-BD67-38D05CAED940}.Release|x86.Build.0 = Release|Any CPU
		{880E3D49-E63B-461D-B4A3-0A4CDDE79E06}.Debug|Any CPU.ActiveCfg = Debug|Any CPU
		{880E3D49-E63B-461D-B4A3-0A4CDDE79E06}.Debug|Any CPU.Build.0 = Debug|Any CPU
		{880E3D49-E63B-461D-B4A3-0A4CDDE79E06}.Debug|x86.ActiveCfg = Debug|Any CPU
		{880E3D49-E63B-461D-B4A3-0A4CDDE79E06}.Debug|x86.Build.0 = Debug|Any CPU
		{880E3D49-E63B-461D-B4A3-0A4CDDE79E06}.Func1Debug|Any CPU.ActiveCfg = Func1Debug|Any CPU
		{880E3D49-E63B-461D-B4A3-0A4CDDE79E06}.Func1Debug|Any CPU.Build.0 = Func1Debug|Any CPU
		{880E3D49-E63B-461D-B4A3-0A4CDDE79E06}.Func1Debug|x86.ActiveCfg = Func1Debug|Any CPU
		{880E3D49-E63B-461D-B4A3-0A4CDDE79E06}.Func1Debug|x86.Build.0 = Func1Debug|Any CPU
		{880E3D49-E63B-461D-B4A3-0A4CDDE79E06}.Func1Release|Any CPU.ActiveCfg = Func1Release|Any CPU
		{880E3D49-E63B-461D-B4A3-0A4CDDE79E06}.Func1Release|Any CPU.Build.0 = Func1Release|Any CPU
		{880E3D49-E63B-461D-B4A3-0A4CDDE79E06}.Func1Release|x86.ActiveCfg = Func1Release|Any CPU
		{880E3D49-E63B-461D-B4A3-0A4CDDE79E06}.Func1Release|x86.Build.0 = Func1Release|Any CPU
		{880E3D49-E63B-461D-B4A3-0A4CDDE79E06}.Release|Any CPU.ActiveCfg = Release|Any CPU
		{880E3D49-E63B-461D-B4A3-0A4CDDE79E06}.Release|Any CPU.Build.0 = Release|Any CPU
		{880E3D49-E63B-461D-B4A3-0A4CDDE79E06}.Release|x86.ActiveCfg = Release|Any CPU
		{880E3D49-E63B-461D-B4A3-0A4CDDE79E06}.Release|x86.Build.0 = Release|Any CPU
		{A4E5A0FB-050D-4F63-9EC3-AC58E47F5B2E}.Debug|Any CPU.ActiveCfg = Debug|Any CPU
		{A4E5A0FB-050D-4F63-9EC3-AC58E47F5B2E}.Debug|Any CPU.Build.0 = Debug|Any CPU
		{A4E5A0FB-050D-4F63-9EC3-AC58E47F5B2E}.Debug|x86.ActiveCfg = Debug|Any CPU
		{A4E5A0FB-050D-4F63-9EC3-AC58E47F5B2E}.Debug|x86.Build.0 = Debug|Any CPU
		{A4E5A0FB-050D-4F63-9EC3-AC58E47F5B2E}.Func1Debug|Any CPU.ActiveCfg = Func1Debug|Any CPU
		{A4E5A0FB-050D-4F63-9EC3-AC58E47F5B2E}.Func1Debug|Any CPU.Build.0 = Func1Debug|Any CPU
		{A4E5A0FB-050D-4F63-9EC3-AC58E47F5B2E}.Func1Debug|x86.ActiveCfg = Func1Debug|Any CPU
		{A4E5A0FB-050D-4F63-9EC3-AC58E47F5B2E}.Func1Debug|x86.Build.0 = Func1Debug|Any CPU
		{A4E5A0FB-050D-4F63-9EC3-AC58E47F5B2E}.Func1Release|Any CPU.ActiveCfg = Func1Release|Any CPU
		{A4E5A0FB-050D-4F63-9EC3-AC58E47F5B2E}.Func1Release|Any CPU.Build.0 = Func1Release|Any CPU
		{A4E5A0FB-050D-4F63-9EC3-AC58E47F5B2E}.Func1Release|x86.ActiveCfg = Func1Release|Any CPU
		{A4E5A0FB-050D-4F63-9EC3-AC58E47F5B2E}.Func1Release|x86.Build.0 = Func1Release|Any CPU
		{A4E5A0FB-050D-4F63-9EC3-AC58E47F5B2E}.Release|Any CPU.ActiveCfg = Release|Any CPU
		{A4E5A0FB-050D-4F63-9EC3-AC58E47F5B2E}.Release|Any CPU.Build.0 = Release|Any CPU
		{A4E5A0FB-050D-4F63-9EC3-AC58E47F5B2E}.Release|x86.ActiveCfg = Release|Any CPU
		{A4E5A0FB-050D-4F63-9EC3-AC58E47F5B2E}.Release|x86.Build.0 = Release|Any CPU
		{AD4465B2-15A5-404B-8F25-182F37ED96D0}.Debug|Any CPU.ActiveCfg = Debug|Any CPU
		{AD4465B2-15A5-404B-8F25-182F37ED96D0}.Debug|Any CPU.Build.0 = Debug|Any CPU
		{AD4465B2-15A5-404B-8F25-182F37ED96D0}.Debug|x86.ActiveCfg = Debug|Any CPU
		{AD4465B2-15A5-404B-8F25-182F37ED96D0}.Debug|x86.Build.0 = Debug|Any CPU
		{AD4465B2-15A5-404B-8F25-182F37ED96D0}.Func1Debug|Any CPU.ActiveCfg = Func1Debug|Any CPU
		{AD4465B2-15A5-404B-8F25-182F37ED96D0}.Func1Debug|Any CPU.Build.0 = Func1Debug|Any CPU
		{AD4465B2-15A5-404B-8F25-182F37ED96D0}.Func1Debug|x86.ActiveCfg = Func1Debug|Any CPU
		{AD4465B2-15A5-404B-8F25-182F37ED96D0}.Func1Debug|x86.Build.0 = Func1Debug|Any CPU
		{AD4465B2-15A5-404B-8F25-182F37ED96D0}.Func1Release|Any CPU.ActiveCfg = Func1Release|Any CPU
		{AD4465B2-15A5-404B-8F25-182F37ED96D0}.Func1Release|Any CPU.Build.0 = Func1Release|Any CPU
		{AD4465B2-15A5-404B-8F25-182F37ED96D0}.Func1Release|x86.ActiveCfg = Func1Release|Any CPU
		{AD4465B2-15A5-404B-8F25-182F37ED96D0}.Func1Release|x86.Build.0 = Func1Release|Any CPU
		{AD4465B2-15A5-404B-8F25-182F37ED96D0}.Release|Any CPU.ActiveCfg = Release|Any CPU
		{AD4465B2-15A5-404B-8F25-182F37ED96D0}.Release|Any CPU.Build.0 = Release|Any CPU
		{AD4465B2-15A5-404B-8F25-182F37ED96D0}.Release|x86.ActiveCfg = Release|Any CPU
		{AD4465B2-15A5-404B-8F25-182F37ED96D0}.Release|x86.Build.0 = Release|Any CPU
		{1C8C2CC9-0176-47DA-9958-8447A4E2A0F3}.Debug|Any CPU.ActiveCfg = Debug|Any CPU
		{1C8C2CC9-0176-47DA-9958-8447A4E2A0F3}.Debug|Any CPU.Build.0 = Debug|Any CPU
		{1C8C2CC9-0176-47DA-9958-8447A4E2A0F3}.Debug|x86.ActiveCfg = Debug|Any CPU
		{1C8C2CC9-0176-47DA-9958-8447A4E2A0F3}.Debug|x86.Build.0 = Debug|Any CPU
		{1C8C2CC9-0176-47DA-9958-8447A4E2A0F3}.Func1Debug|Any CPU.ActiveCfg = Func1Debug|Any CPU
		{1C8C2CC9-0176-47DA-9958-8447A4E2A0F3}.Func1Debug|Any CPU.Build.0 = Func1Debug|Any CPU
		{1C8C2CC9-0176-47DA-9958-8447A4E2A0F3}.Func1Debug|x86.ActiveCfg = Func1Debug|Any CPU
		{1C8C2CC9-0176-47DA-9958-8447A4E2A0F3}.Func1Debug|x86.Build.0 = Func1Debug|Any CPU
		{1C8C2CC9-0176-47DA-9958-8447A4E2A0F3}.Func1Release|Any CPU.ActiveCfg = Func1Release|Any CPU
		{1C8C2CC9-0176-47DA-9958-8447A4E2A0F3}.Func1Release|Any CPU.Build.0 = Func1Release|Any CPU
		{1C8C2CC9-0176-47DA-9958-8447A4E2A0F3}.Func1Release|x86.ActiveCfg = Func1Release|Any CPU
		{1C8C2CC9-0176-47DA-9958-8447A4E2A0F3}.Func1Release|x86.Build.0 = Func1Release|Any CPU
		{1C8C2CC9-0176-47DA-9958-8447A4E2A0F3}.Release|Any CPU.ActiveCfg = Release|Any CPU
		{1C8C2CC9-0176-47DA-9958-8447A4E2A0F3}.Release|Any CPU.Build.0 = Release|Any CPU
		{1C8C2CC9-0176-47DA-9958-8447A4E2A0F3}.Release|x86.ActiveCfg = Release|Any CPU
		{1C8C2CC9-0176-47DA-9958-8447A4E2A0F3}.Release|x86.Build.0 = Release|Any CPU
		{6900DFB8-F425-4117-91FC-B82D7373FEC5}.Debug|Any CPU.ActiveCfg = Debug|Any CPU
		{6900DFB8-F425-4117-91FC-B82D7373FEC5}.Debug|Any CPU.Build.0 = Debug|Any CPU
		{6900DFB8-F425-4117-91FC-B82D7373FEC5}.Debug|x86.ActiveCfg = Debug|Any CPU
		{6900DFB8-F425-4117-91FC-B82D7373FEC5}.Debug|x86.Build.0 = Debug|Any CPU
		{6900DFB8-F425-4117-91FC-B82D7373FEC5}.Func1Debug|Any CPU.ActiveCfg = Func1Debug|Any CPU
		{6900DFB8-F425-4117-91FC-B82D7373FEC5}.Func1Debug|Any CPU.Build.0 = Func1Debug|Any CPU
		{6900DFB8-F425-4117-91FC-B82D7373FEC5}.Func1Debug|x86.ActiveCfg = Func1Debug|Any CPU
		{6900DFB8-F425-4117-91FC-B82D7373FEC5}.Func1Debug|x86.Build.0 = Func1Debug|Any CPU
		{6900DFB8-F425-4117-91FC-B82D7373FEC5}.Func1Release|Any CPU.ActiveCfg = Func1Release|Any CPU
		{6900DFB8-F425-4117-91FC-B82D7373FEC5}.Func1Release|Any CPU.Build.0 = Func1Release|Any CPU
		{6900DFB8-F425-4117-91FC-B82D7373FEC5}.Func1Release|x86.ActiveCfg = Func1Release|Any CPU
		{6900DFB8-F425-4117-91FC-B82D7373FEC5}.Func1Release|x86.Build.0 = Func1Release|Any CPU
		{6900DFB8-F425-4117-91FC-B82D7373FEC5}.Release|Any CPU.ActiveCfg = Release|Any CPU
		{6900DFB8-F425-4117-91FC-B82D7373FEC5}.Release|Any CPU.Build.0 = Release|Any CPU
		{6900DFB8-F425-4117-91FC-B82D7373FEC5}.Release|x86.ActiveCfg = Release|Any CPU
		{6900DFB8-F425-4117-91FC-B82D7373FEC5}.Release|x86.Build.0 = Release|Any CPU
		{C1C3C08B-93CC-4EF8-A9D4-2F387CF9FD88}.Debug|Any CPU.ActiveCfg = Debug|Any CPU
		{C1C3C08B-93CC-4EF8-A9D4-2F387CF9FD88}.Debug|Any CPU.Build.0 = Debug|Any CPU
		{C1C3C08B-93CC-4EF8-A9D4-2F387CF9FD88}.Debug|x86.ActiveCfg = Debug|Any CPU
		{C1C3C08B-93CC-4EF8-A9D4-2F387CF9FD88}.Debug|x86.Build.0 = Debug|Any CPU
		{C1C3C08B-93CC-4EF8-A9D4-2F387CF9FD88}.Func1Debug|Any CPU.ActiveCfg = Func1Debug|Any CPU
		{C1C3C08B-93CC-4EF8-A9D4-2F387CF9FD88}.Func1Debug|Any CPU.Build.0 = Func1Debug|Any CPU
		{C1C3C08B-93CC-4EF8-A9D4-2F387CF9FD88}.Func1Debug|x86.ActiveCfg = Func1Debug|Any CPU
		{C1C3C08B-93CC-4EF8-A9D4-2F387CF9FD88}.Func1Debug|x86.Build.0 = Func1Debug|Any CPU
		{C1C3C08B-93CC-4EF8-A9D4-2F387CF9FD88}.Func1Release|Any CPU.ActiveCfg = Func1Release|Any CPU
		{C1C3C08B-93CC-4EF8-A9D4-2F387CF9FD88}.Func1Release|Any CPU.Build.0 = Func1Release|Any CPU
		{C1C3C08B-93CC-4EF8-A9D4-2F387CF9FD88}.Func1Release|x86.ActiveCfg = Func1Release|Any CPU
		{C1C3C08B-93CC-4EF8-A9D4-2F387CF9FD88}.Func1Release|x86.Build.0 = Func1Release|Any CPU
		{C1C3C08B-93CC-4EF8-A9D4-2F387CF9FD88}.Release|Any CPU.ActiveCfg = Release|Any CPU
		{C1C3C08B-93CC-4EF8-A9D4-2F387CF9FD88}.Release|Any CPU.Build.0 = Release|Any CPU
		{C1C3C08B-93CC-4EF8-A9D4-2F387CF9FD88}.Release|x86.ActiveCfg = Release|Any CPU
		{C1C3C08B-93CC-4EF8-A9D4-2F387CF9FD88}.Release|x86.Build.0 = Release|Any CPU
		{B5D0588E-FADA-4C6F-929D-16F8B80CC357}.Debug|Any CPU.ActiveCfg = Debug|x86
		{B5D0588E-FADA-4C6F-929D-16F8B80CC357}.Debug|x86.ActiveCfg = Debug|x86
		{B5D0588E-FADA-4C6F-929D-16F8B80CC357}.Debug|x86.Build.0 = Debug|x86
		{B5D0588E-FADA-4C6F-929D-16F8B80CC357}.Func1Debug|Any CPU.ActiveCfg = Func1Debug|x86
		{B5D0588E-FADA-4C6F-929D-16F8B80CC357}.Func1Debug|x86.ActiveCfg = Debug|x86
		{B5D0588E-FADA-4C6F-929D-16F8B80CC357}.Func1Debug|x86.Build.0 = Debug|x86
		{B5D0588E-FADA-4C6F-929D-16F8B80CC357}.Func1Release|Any CPU.ActiveCfg = Func1Release|x86
		{B5D0588E-FADA-4C6F-929D-16F8B80CC357}.Func1Release|Any CPU.Build.0 = Func1Release|x86
		{B5D0588E-FADA-4C6F-929D-16F8B80CC357}.Func1Release|x86.ActiveCfg = Release|x86
		{B5D0588E-FADA-4C6F-929D-16F8B80CC357}.Func1Release|x86.Build.0 = Release|x86
		{B5D0588E-FADA-4C6F-929D-16F8B80CC357}.Release|Any CPU.ActiveCfg = Release|x86
		{B5D0588E-FADA-4C6F-929D-16F8B80CC357}.Release|Any CPU.Build.0 = Release|x86
		{B5D0588E-FADA-4C6F-929D-16F8B80CC357}.Release|x86.ActiveCfg = Release|x86
		{B5D0588E-FADA-4C6F-929D-16F8B80CC357}.Release|x86.Build.0 = Release|x86
	EndGlobalSection
	GlobalSection(SolutionProperties) = preSolution
		HideSolutionNode = FALSE
	EndGlobalSection
	GlobalSection(NestedProjects) = preSolution
		{E089021B-0E6F-449D-905E-A1AF2CAA85A9} = {D5471955-C33B-4484-8D13-DA88A44EFB68}
		{2AF7D107-5151-403C-8933-24C8149A2DEF} = {7F289217-1F0A-4CA2-BD9B-EFFB70D94708}
		{060FB396-1821-4AE6-BD67-38D05CAED940} = {3912D963-D36D-4EDC-8DA8-BB29A89C7281}
		{880E3D49-E63B-461D-B4A3-0A4CDDE79E06} = {722547EF-A9AB-44B1-92F9-78CBF7B1F92E}
		{A4E5A0FB-050D-4F63-9EC3-AC58E47F5B2E} = {B8579762-B6FA-4948-BAFC-AEF7661B7B3C}
		{18D26F39-228C-4705-A592-CE0F09E0C0EA} = {B627F38F-7E65-4AA2-9894-7CFF655DBBB0}
		{D72782DF-A395-4058-8C96-6EB2D597C816} = {B627F38F-7E65-4AA2-9894-7CFF655DBBB0}
		{AD4465B2-15A5-404B-8F25-182F37ED96D0} = {18D26F39-228C-4705-A592-CE0F09E0C0EA}
		{1C8C2CC9-0176-47DA-9958-8447A4E2A0F3} = {D72782DF-A395-4058-8C96-6EB2D597C816}
		{6900DFB8-F425-4117-91FC-B82D7373FEC5} = {C79DDF72-44A9-45F6-80A9-0A4899A172BE}
		{C79DDF72-44A9-45F6-80A9-0A4899A172BE} = {81129ECE-D7DE-494C-A4F7-583C47FB07AE}
		{5228248B-CF43-4146-BD83-D0BC440A1648} = {81129ECE-D7DE-494C-A4F7-583C47FB07AE}
		{C1C3C08B-93CC-4EF8-A9D4-2F387CF9FD88} = {D295A0F2-5CF1-4CC5-B3C0-C855B91BCA67}
		{B5D0588E-FADA-4C6F-929D-16F8B80CC357} = {5228248B-CF43-4146-BD83-D0BC440A1648}
	EndGlobalSection
	GlobalSection(ExtensibilityGlobals) = postSolution
		SolutionGuid = {1EDE1333-327C-476E-8538-691DA194E3D6}
	EndGlobalSection
EndGlobal
