
Microsoft Visual Studio Solution File, Format Version 12.00
# Visual Studio 15
VisualStudioVersion = 15.0.27004.2005
MinimumVisualStudioVersion = 10.0.40219.1
Project("{FAE04EC0-301F-11D3-BF4B-00C04F79EFBC}") = "BI.Repository.Resource", "BI.Aspect.Resource\BI.Repository.Resource.csproj", "{24978D0E-F187-4487-BC53-68FD34A24C55}"
EndProject
Global
	GlobalSection(SolutionConfigurationPlatforms) = preSolution
		Debug|Any CPU = Debug|Any CPU
		Release|Any CPU = Release|Any CPU
	EndGlobalSection
	GlobalSection(ProjectConfigurationPlatforms) = postSolution
		{24978D0E-F187-4487-BC53-68FD34A24C55}.Debug|Any CPU.ActiveCfg = Debug|Any CPU
		{24978D0E-F187-4487-BC53-68FD34A24C55}.Debug|Any CPU.Build.0 = Debug|Any CPU
		{24978D0E-F187-4487-BC53-68FD34A24C55}.Release|Any CPU.ActiveCfg = Release|Any CPU
		{24978D0E-F187-4487-BC53-68FD34A24C55}.Release|Any CPU.Build.0 = Release|Any CPU
	EndGlobalSection
	GlobalSection(SolutionProperties) = preSolution
		HideSolutionNode = FALSE
	EndGlobalSection
	GlobalSection(ExtensibilityGlobals) = postSolution
		SolutionGuid = {4EED66F4-F53F-44D4-979D-FD9A217C1743}
	EndGlobalSection
	GlobalSection(TeamFoundationVersionControl) = preSolution
		SccNumberOfProjects = 2
		SccEnterpriseProvider = {4CA58AB2-18FA-4F8D-95D4-32DDF27D184C}
		SccTeamFoundationServer = http://boucotfs:8080/tfs/software
		SccLocalPath0 = .
		SccProjectUniqueName1 = BI.Aspect.Resource\\BI.Repository.Resource.csproj
		SccProjectName1 = BI.Aspect.Resource
		SccLocalPath1 = BI.Aspect.Resource
	EndGlobalSection
EndGlobal
